
Microsoft Visual Studio Solution File, Format Version 12.00
# Visual Studio 14
VisualStudioVersion = 14.0.25420.1
MinimumVisualStudioVersion = 10.0.40219.1
Project("{FAE04EC0-301F-11D3-BF4B-00C04F79EFBC}") = "PgAdmin.UI", "PgAdmin.UI\PgAdmin.UI.csproj", "{8D474E1B-CAD7-40A4-BE77-DAC3E9682F11}"
EndProject
Project("{FAE04EC0-301F-11D3-BF4B-00C04F79EFBC}") = "PgAdmin.Common", "PgAdmin.Common\PgAdmin.Common.csproj", "{A18EAF50-A38A-4CE4-BE2D-EE12E275B5D3}"
EndProject
Project("{FAE04EC0-301F-11D3-BF4B-00C04F79EFBC}") = "PgAdmin.Services", "PgAdmin.Services\PgAdmin.Services.csproj", "{85B31F2A-B38C-448A-9199-218A2EFE3C7A}"
EndProject
Global
	GlobalSection(SolutionConfigurationPlatforms) = preSolution
		Debug|Any CPU = Debug|Any CPU
		Release|Any CPU = Release|Any CPU
	EndGlobalSection
	GlobalSection(ProjectConfigurationPlatforms) = postSolution
		{8D474E1B-CAD7-40A4-BE77-DAC3E9682F11}.Debug|Any CPU.ActiveCfg = Debug|Any CPU
		{8D474E1B-CAD7-40A4-BE77-DAC3E9682F11}.Debug|Any CPU.Build.0 = Debug|Any CPU
		{8D474E1B-CAD7-40A4-BE77-DAC3E9682F11}.Release|Any CPU.ActiveCfg = Release|Any CPU
		{8D474E1B-CAD7-40A4-BE77-DAC3E9682F11}.Release|Any CPU.Build.0 = Release|Any CPU
		{A18EAF50-A38A-4CE4-BE2D-EE12E275B5D3}.Debug|Any CPU.ActiveCfg = Debug|Any CPU
		{A18EAF50-A38A-4CE4-BE2D-EE12E275B5D3}.Debug|Any CPU.Build.0 = Debug|Any CPU
		{A18EAF50-A38A-4CE4-BE2D-EE12E275B5D3}.Release|Any CPU.ActiveCfg = Release|Any CPU
		{A18EAF50-A38A-4CE4-BE2D-EE12E275B5D3}.Release|Any CPU.Build.0 = Release|Any CPU
		{85B31F2A-B38C-448A-9199-218A2EFE3C7A}.Debug|Any CPU.ActiveCfg = Debug|Any CPU
		{85B31F2A-B38C-448A-9199-218A2EFE3C7A}.Debug|Any CPU.Build.0 = Debug|Any CPU
		{85B31F2A-B38C-448A-9199-218A2EFE3C7A}.Release|Any CPU.ActiveCfg = Release|Any CPU
		{85B31F2A-B38C-448A-9199-218A2EFE3C7A}.Release|Any CPU.Build.0 = Release|Any CPU
	EndGlobalSection
	GlobalSection(SolutionProperties) = preSolution
		HideSolutionNode = FALSE
	EndGlobalSection
EndGlobal
